// !$*UTF8*$!
{
	archiveVersion = 1;
	classes = {
	};
	objectVersion = 50;
	objects = {

/* Begin PBXBuildFile section */
		250E11FF2272EEC700A0A62F /* UITextView+Extensions.swift in Sources */ = {isa = PBXBuildFile; fileRef = 250E11FE2272EEC700A0A62F /* UITextView+Extensions.swift */; };
		250E12012275882100A0A62F /* SentimentTests.swift in Sources */ = {isa = PBXBuildFile; fileRef = 250E12002275882100A0A62F /* SentimentTests.swift */; };
		250E12022275882A00A0A62F /* Sentiment.swift in Sources */ = {isa = PBXBuildFile; fileRef = 2593190821978195005CCC75 /* Sentiment.swift */; };
		250E120322758CF500A0A62F /* UIColor+Extensions.swift in Sources */ = {isa = PBXBuildFile; fileRef = 25CDBC28219E3307008DB875 /* UIColor+Extensions.swift */; };
		251C679C21C9EFC000FED932 /* DetailCardView.xib in Resources */ = {isa = PBXBuildFile; fileRef = 251C679B21C9EFC000FED932 /* DetailCardView.xib */; };
		2527C33921D9FBBB008B3A58 /* UILabel+Extensions.swift in Sources */ = {isa = PBXBuildFile; fileRef = 2527C33821D9FBBB008B3A58 /* UILabel+Extensions.swift */; };
		2548F1D121E5D4C00055C414 /* ThankViewController.swift in Sources */ = {isa = PBXBuildFile; fileRef = 2548F1D021E5D4C00055C414 /* ThankViewController.swift */; };
		25592E2F21E16D5C00CB8752 /* UIViewController+Extensions.swift in Sources */ = {isa = PBXBuildFile; fileRef = 25592E2E21E16D5C00CB8752 /* UIViewController+Extensions.swift */; };
		255C9BE221DAE4FB00AA7008 /* DedicatedTextEntryViewController.swift in Sources */ = {isa = PBXBuildFile; fileRef = 255C9BE121DAE4FB00AA7008 /* DedicatedTextEntryViewController.swift */; };
		2560502621D07DBE00A0F046 /* EntryFormCardViewController.swift in Sources */ = {isa = PBXBuildFile; fileRef = 2560502521D07DBE00A0F046 /* EntryFormCardViewController.swift */; };
		2560502821D07EA500A0F046 /* UICardView.swift in Sources */ = {isa = PBXBuildFile; fileRef = 2560502721D07EA500A0F046 /* UICardView.swift */; };
		2572D6D421E95B510019AE8D /* StoreKit.framework in Frameworks */ = {isa = PBXBuildFile; fileRef = 2572D6D321E95B510019AE8D /* StoreKit.framework */; };
		2572D6E021E963610019AE8D /* EntryFormCardView.xib in Resources */ = {isa = PBXBuildFile; fileRef = 2572D6E221E963610019AE8D /* EntryFormCardView.xib */; };
		2572D6FA21E969EE0019AE8D /* LaunchScreen.storyboard in Resources */ = {isa = PBXBuildFile; fileRef = 2572D6F921E969EE0019AE8D /* LaunchScreen.storyboard */; };
		257583FD21EFC80B008F47E2 /* NotificationAlarmTableViewCell.xib in Resources */ = {isa = PBXBuildFile; fileRef = 257583FC21EFC80B008F47E2 /* NotificationAlarmTableViewCell.xib */; };
		257583FF21EFC8DD008F47E2 /* NotificationAlarmTableViewCell.swift in Sources */ = {isa = PBXBuildFile; fileRef = 257583FE21EFC8DD008F47E2 /* NotificationAlarmTableViewCell.swift */; };
		2576E9A521E2C5A2001F71F4 /* NotificationSettingsTableView.swift in Sources */ = {isa = PBXBuildFile; fileRef = 2576E9A421E2C5A2001F71F4 /* NotificationSettingsTableView.swift */; };
		2582015821EE809400CCDC70 /* NotificationAddViewController.swift in Sources */ = {isa = PBXBuildFile; fileRef = 2582015721EE809400CCDC70 /* NotificationAddViewController.swift */; };
		2582015A21EF151D00CCDC70 /* NotificationUtils.swift in Sources */ = {isa = PBXBuildFile; fileRef = 2582015921EF151D00CCDC70 /* NotificationUtils.swift */; };
		258377D7219A52C100747670 /* LocalAuthentication.framework in Frameworks */ = {isa = PBXBuildFile; fileRef = 258377D6219A52C100747670 /* LocalAuthentication.framework */; };
		258377D9219A69E300747670 /* SentimentTableViewCell.xib in Resources */ = {isa = PBXBuildFile; fileRef = 258377D8219A69E300747670 /* SentimentTableViewCell.xib */; };
		2593190921978195005CCC75 /* Sentiment.swift in Sources */ = {isa = PBXBuildFile; fileRef = 2593190821978195005CCC75 /* Sentiment.swift */; };
		2593190B21978BC5005CCC75 /* SentimentFactory.swift in Sources */ = {isa = PBXBuildFile; fileRef = 2593190A21978BC5005CCC75 /* SentimentFactory.swift */; };
		2593190F2197A76D005CCC75 /* SentimentViewController.swift in Sources */ = {isa = PBXBuildFile; fileRef = 2593190E2197A76D005CCC75 /* SentimentViewController.swift */; };
		259B4B8621EAC48A00EF2C51 /* UIDevice+Extensions.swift in Sources */ = {isa = PBXBuildFile; fileRef = 259B4B8521EAC48A00EF2C51 /* UIDevice+Extensions.swift */; };
		25A4081021E54A76005029A1 /* Intents.framework in Frameworks */ = {isa = PBXBuildFile; fileRef = 25A4080F21E54A76005029A1 /* Intents.framework */; settings = {ATTRIBUTES = (Weak, ); }; };
		25A8C11221D9A2B800C23C89 /* FeelingEntryView.swift in Sources */ = {isa = PBXBuildFile; fileRef = 25A8C11121D9A2B800C23C89 /* FeelingEntryView.swift */; };
		25CDBC24219CFE0F008DB875 /* HSBColorPicker.swift in Sources */ = {isa = PBXBuildFile; fileRef = 25CDBC23219CFE0F008DB875 /* HSBColorPicker.swift */; };
		25CDBC26219D0129008DB875 /* ColorPickerViewController.swift in Sources */ = {isa = PBXBuildFile; fileRef = 25CDBC25219D0129008DB875 /* ColorPickerViewController.swift */; };
		25CDBC29219E3307008DB875 /* UIColor+Extensions.swift in Sources */ = {isa = PBXBuildFile; fileRef = 25CDBC28219E3307008DB875 /* UIColor+Extensions.swift */; };
		25D2A84721CDB9C1008F9129 /* DetailCardViewController.swift in Sources */ = {isa = PBXBuildFile; fileRef = 25D2A84621CDB9C1008F9129 /* DetailCardViewController.swift */; };
		25E4D4932195252100CFA268 /* AppDelegate.swift in Sources */ = {isa = PBXBuildFile; fileRef = 25E4D4922195252100CFA268 /* AppDelegate.swift */; };
		25E4D4952195252100CFA268 /* ViewController.swift in Sources */ = {isa = PBXBuildFile; fileRef = 25E4D4942195252100CFA268 /* ViewController.swift */; };
		25E4D4982195252100CFA268 /* Main.storyboard in Resources */ = {isa = PBXBuildFile; fileRef = 25E4D4962195252100CFA268 /* Main.storyboard */; };
		25E4D49B2195252100CFA268 /* snse.xcdatamodeld in Sources */ = {isa = PBXBuildFile; fileRef = 25E4D4992195252100CFA268 /* snse.xcdatamodeld */; };
		25E4D4BB21954DD300CFA268 /* index.html in Resources */ = {isa = PBXBuildFile; fileRef = 25E4D4BA21954DD300CFA268 /* index.html */; };
		25ED4A6122D31FE100E93BEB /* Fonts.swift in Sources */ = {isa = PBXBuildFile; fileRef = 25ED4A6022D31FE100E93BEB /* Fonts.swift */; };
		25FED67521967692002DE7F0 /* Assets.xcassets in Resources */ = {isa = PBXBuildFile; fileRef = 25FED67421967692002DE7F0 /* Assets.xcassets */; };
		FB132E4425A7D0B20003336D /* about.html in Resources */ = {isa = PBXBuildFile; fileRef = FB132E4325A7D0B20003336D /* about.html */; };
		FB48D31E25A7C68900826427 /* AboutViewController.swift in Sources */ = {isa = PBXBuildFile; fileRef = FB48D31D25A7C68900826427 /* AboutViewController.swift */; };
/* End PBXBuildFile section */

/* Begin PBXContainerItemProxy section */
		25E4D4A72195252300CFA268 /* PBXContainerItemProxy */ = {
			isa = PBXContainerItemProxy;
			containerPortal = 25E4D4872195252100CFA268 /* Project object */;
			proxyType = 1;
			remoteGlobalIDString = 25E4D48E2195252100CFA268;
			remoteInfo = snse;
		};
/* End PBXContainerItemProxy section */

/* Begin PBXFileReference section */
		250E11FE2272EEC700A0A62F /* UITextView+Extensions.swift */ = {isa = PBXFileReference; lastKnownFileType = sourcecode.swift; path = "UITextView+Extensions.swift"; sourceTree = "<group>"; };
		250E12002275882100A0A62F /* SentimentTests.swift */ = {isa = PBXFileReference; lastKnownFileType = sourcecode.swift; path = SentimentTests.swift; sourceTree = "<group>"; };
		251C679B21C9EFC000FED932 /* DetailCardView.xib */ = {isa = PBXFileReference; lastKnownFileType = file.xib; path = DetailCardView.xib; sourceTree = "<group>"; };
		2527C33821D9FBBB008B3A58 /* UILabel+Extensions.swift */ = {isa = PBXFileReference; lastKnownFileType = sourcecode.swift; path = "UILabel+Extensions.swift"; sourceTree = "<group>"; };
		2548F1D021E5D4C00055C414 /* ThankViewController.swift */ = {isa = PBXFileReference; lastKnownFileType = sourcecode.swift; path = ThankViewController.swift; sourceTree = "<group>"; };
		25592E2E21E16D5C00CB8752 /* UIViewController+Extensions.swift */ = {isa = PBXFileReference; lastKnownFileType = sourcecode.swift; path = "UIViewController+Extensions.swift"; sourceTree = "<group>"; };
		255C9BE121DAE4FB00AA7008 /* DedicatedTextEntryViewController.swift */ = {isa = PBXFileReference; lastKnownFileType = sourcecode.swift; path = DedicatedTextEntryViewController.swift; sourceTree = "<group>"; };
		2560502521D07DBE00A0F046 /* EntryFormCardViewController.swift */ = {isa = PBXFileReference; lastKnownFileType = sourcecode.swift; path = EntryFormCardViewController.swift; sourceTree = "<group>"; };
		2560502721D07EA500A0F046 /* UICardView.swift */ = {isa = PBXFileReference; lastKnownFileType = sourcecode.swift; path = UICardView.swift; sourceTree = "<group>"; };
		2572D6D321E95B510019AE8D /* StoreKit.framework */ = {isa = PBXFileReference; lastKnownFileType = wrapper.framework; name = StoreKit.framework; path = System/Library/Frameworks/StoreKit.framework; sourceTree = SDKROOT; };
		2572D6E121E963610019AE8D /* Base */ = {isa = PBXFileReference; lastKnownFileType = file.xib; name = Base; path = Base.lproj/EntryFormCardView.xib; sourceTree = "<group>"; };
		2572D6E521E965280019AE8D /* en */ = {isa = PBXFileReference; lastKnownFileType = text.plist.strings; name = en; path = en.lproj/Main.strings; sourceTree = "<group>"; };
		2572D6E621E965280019AE8D /* en */ = {isa = PBXFileReference; lastKnownFileType = text.plist.strings; name = en; path = en.lproj/EntryFormCardView.strings; sourceTree = "<group>"; };
		2572D6E721E9652E0019AE8D /* fr */ = {isa = PBXFileReference; lastKnownFileType = text.plist.strings; name = fr; path = fr.lproj/Main.strings; sourceTree = "<group>"; };
		2572D6E821E9652E0019AE8D /* fr */ = {isa = PBXFileReference; lastKnownFileType = text.plist.strings; name = fr; path = fr.lproj/EntryFormCardView.strings; sourceTree = "<group>"; };
		2572D6E921E965310019AE8D /* de */ = {isa = PBXFileReference; lastKnownFileType = text.plist.strings; name = de; path = de.lproj/Main.strings; sourceTree = "<group>"; };
		2572D6EA21E965310019AE8D /* de */ = {isa = PBXFileReference; lastKnownFileType = text.plist.strings; name = de; path = de.lproj/EntryFormCardView.strings; sourceTree = "<group>"; };
		2572D6EB21E965360019AE8D /* zh-Hans */ = {isa = PBXFileReference; lastKnownFileType = text.plist.strings; name = "zh-Hans"; path = "zh-Hans.lproj/Main.strings"; sourceTree = "<group>"; };
		2572D6EC21E965360019AE8D /* zh-Hans */ = {isa = PBXFileReference; lastKnownFileType = text.plist.strings; name = "zh-Hans"; path = "zh-Hans.lproj/EntryFormCardView.strings"; sourceTree = "<group>"; };
		2572D6ED21E9653A0019AE8D /* ja */ = {isa = PBXFileReference; lastKnownFileType = text.plist.strings; name = ja; path = ja.lproj/Main.strings; sourceTree = "<group>"; };
		2572D6EE21E9653A0019AE8D /* ja */ = {isa = PBXFileReference; lastKnownFileType = text.plist.strings; name = ja; path = ja.lproj/EntryFormCardView.strings; sourceTree = "<group>"; };
		2572D6EF21E9653E0019AE8D /* es */ = {isa = PBXFileReference; lastKnownFileType = text.plist.strings; name = es; path = es.lproj/Main.strings; sourceTree = "<group>"; };
		2572D6F021E9653E0019AE8D /* es */ = {isa = PBXFileReference; lastKnownFileType = text.plist.strings; name = es; path = es.lproj/EntryFormCardView.strings; sourceTree = "<group>"; };
		2572D6F121E965450019AE8D /* ru */ = {isa = PBXFileReference; lastKnownFileType = text.plist.strings; name = ru; path = ru.lproj/Main.strings; sourceTree = "<group>"; };
		2572D6F221E965450019AE8D /* ru */ = {isa = PBXFileReference; lastKnownFileType = text.plist.strings; name = ru; path = ru.lproj/EntryFormCardView.strings; sourceTree = "<group>"; };
		2572D6F321E9654C0019AE8D /* ar */ = {isa = PBXFileReference; lastKnownFileType = text.plist.strings; name = ar; path = ar.lproj/Main.strings; sourceTree = "<group>"; };
		2572D6F421E9654C0019AE8D /* ar */ = {isa = PBXFileReference; lastKnownFileType = text.plist.strings; name = ar; path = ar.lproj/EntryFormCardView.strings; sourceTree = "<group>"; };
		2572D6F521E965550019AE8D /* hi */ = {isa = PBXFileReference; lastKnownFileType = text.plist.strings; name = hi; path = hi.lproj/Main.strings; sourceTree = "<group>"; };
		2572D6F621E965560019AE8D /* hi */ = {isa = PBXFileReference; lastKnownFileType = text.plist.strings; name = hi; path = hi.lproj/EntryFormCardView.strings; sourceTree = "<group>"; };
		2572D6F921E969EE0019AE8D /* LaunchScreen.storyboard */ = {isa = PBXFileReference; fileEncoding = 4; lastKnownFileType = file.storyboard; path = LaunchScreen.storyboard; sourceTree = "<group>"; };
		257583FC21EFC80B008F47E2 /* NotificationAlarmTableViewCell.xib */ = {isa = PBXFileReference; lastKnownFileType = file.xib; path = NotificationAlarmTableViewCell.xib; sourceTree = "<group>"; };
		257583FE21EFC8DD008F47E2 /* NotificationAlarmTableViewCell.swift */ = {isa = PBXFileReference; lastKnownFileType = sourcecode.swift; path = NotificationAlarmTableViewCell.swift; sourceTree = "<group>"; };
		2576E9A421E2C5A2001F71F4 /* NotificationSettingsTableView.swift */ = {isa = PBXFileReference; lastKnownFileType = sourcecode.swift; path = NotificationSettingsTableView.swift; sourceTree = "<group>"; };
		2582015721EE809400CCDC70 /* NotificationAddViewController.swift */ = {isa = PBXFileReference; lastKnownFileType = sourcecode.swift; path = NotificationAddViewController.swift; sourceTree = "<group>"; };
		2582015921EF151D00CCDC70 /* NotificationUtils.swift */ = {isa = PBXFileReference; lastKnownFileType = sourcecode.swift; path = NotificationUtils.swift; sourceTree = "<group>"; };
		258377D6219A52C100747670 /* LocalAuthentication.framework */ = {isa = PBXFileReference; lastKnownFileType = wrapper.framework; name = LocalAuthentication.framework; path = System/Library/Frameworks/LocalAuthentication.framework; sourceTree = SDKROOT; };
		258377D8219A69E300747670 /* SentimentTableViewCell.xib */ = {isa = PBXFileReference; lastKnownFileType = file.xib; path = SentimentTableViewCell.xib; sourceTree = "<group>"; };
		2593190821978195005CCC75 /* Sentiment.swift */ = {isa = PBXFileReference; lastKnownFileType = sourcecode.swift; path = Sentiment.swift; sourceTree = "<group>"; };
		2593190A21978BC5005CCC75 /* SentimentFactory.swift */ = {isa = PBXFileReference; lastKnownFileType = sourcecode.swift; path = SentimentFactory.swift; sourceTree = "<group>"; };
		2593190E2197A76D005CCC75 /* SentimentViewController.swift */ = {isa = PBXFileReference; lastKnownFileType = sourcecode.swift; path = SentimentViewController.swift; sourceTree = "<group>"; };
		259B4B8521EAC48A00EF2C51 /* UIDevice+Extensions.swift */ = {isa = PBXFileReference; lastKnownFileType = sourcecode.swift; path = "UIDevice+Extensions.swift"; sourceTree = "<group>"; };
		25A4080E21E54A55005029A1 /* snse.entitlements */ = {isa = PBXFileReference; lastKnownFileType = text.plist.entitlements; path = snse.entitlements; sourceTree = "<group>"; };
		25A4080F21E54A76005029A1 /* Intents.framework */ = {isa = PBXFileReference; lastKnownFileType = wrapper.framework; name = Intents.framework; path = System/Library/Frameworks/Intents.framework; sourceTree = SDKROOT; };
		25A8C11121D9A2B800C23C89 /* FeelingEntryView.swift */ = {isa = PBXFileReference; lastKnownFileType = sourcecode.swift; path = FeelingEntryView.swift; sourceTree = "<group>"; };
		25CDBC23219CFE0F008DB875 /* HSBColorPicker.swift */ = {isa = PBXFileReference; lastKnownFileType = sourcecode.swift; path = HSBColorPicker.swift; sourceTree = "<group>"; };
		25CDBC25219D0129008DB875 /* ColorPickerViewController.swift */ = {isa = PBXFileReference; lastKnownFileType = sourcecode.swift; path = ColorPickerViewController.swift; sourceTree = "<group>"; };
		25CDBC28219E3307008DB875 /* UIColor+Extensions.swift */ = {isa = PBXFileReference; lastKnownFileType = sourcecode.swift; path = "UIColor+Extensions.swift"; sourceTree = "<group>"; };
		25D2A84621CDB9C1008F9129 /* DetailCardViewController.swift */ = {isa = PBXFileReference; lastKnownFileType = sourcecode.swift; path = DetailCardViewController.swift; sourceTree = "<group>"; };
		25E4D48F2195252100CFA268 /* snse.app */ = {isa = PBXFileReference; explicitFileType = wrapper.application; includeInIndex = 0; path = snse.app; sourceTree = BUILT_PRODUCTS_DIR; };
		25E4D4922195252100CFA268 /* AppDelegate.swift */ = {isa = PBXFileReference; lastKnownFileType = sourcecode.swift; path = AppDelegate.swift; sourceTree = "<group>"; };
		25E4D4942195252100CFA268 /* ViewController.swift */ = {isa = PBXFileReference; lastKnownFileType = sourcecode.swift; path = ViewController.swift; sourceTree = "<group>"; };
		25E4D4972195252100CFA268 /* Base */ = {isa = PBXFileReference; lastKnownFileType = file.storyboard; name = Base; path = Base.lproj/Main.storyboard; sourceTree = "<group>"; };
		25E4D49A2195252100CFA268 /* snse.xcdatamodel */ = {isa = PBXFileReference; lastKnownFileType = wrapper.xcdatamodel; path = snse.xcdatamodel; sourceTree = "<group>"; };
		25E4D4A12195252300CFA268 /* Info.plist */ = {isa = PBXFileReference; lastKnownFileType = text.plist.xml; path = Info.plist; sourceTree = "<group>"; };
		25E4D4A62195252300CFA268 /* snseTests.xctest */ = {isa = PBXFileReference; explicitFileType = wrapper.cfbundle; includeInIndex = 0; path = snseTests.xctest; sourceTree = BUILT_PRODUCTS_DIR; };
		25E4D4AC2195252300CFA268 /* Info.plist */ = {isa = PBXFileReference; lastKnownFileType = text.plist.xml; path = Info.plist; sourceTree = "<group>"; };
		25E4D4B621954AA200CFA268 /* WebKit.framework */ = {isa = PBXFileReference; lastKnownFileType = wrapper.framework; name = WebKit.framework; path = System/Library/Frameworks/WebKit.framework; sourceTree = SDKROOT; };
		25E4D4BA21954DD300CFA268 /* index.html */ = {isa = PBXFileReference; fileEncoding = 4; lastKnownFileType = text.html; path = index.html; sourceTree = "<group>"; };
		25ED4A6022D31FE100E93BEB /* Fonts.swift */ = {isa = PBXFileReference; lastKnownFileType = sourcecode.swift; path = Fonts.swift; sourceTree = "<group>"; };
		25FED67421967692002DE7F0 /* Assets.xcassets */ = {isa = PBXFileReference; lastKnownFileType = folder.assetcatalog; path = Assets.xcassets; sourceTree = "<group>"; };
		FB132E4325A7D0B20003336D /* about.html */ = {isa = PBXFileReference; fileEncoding = 4; lastKnownFileType = text.html; path = about.html; sourceTree = "<group>"; };
		FB48D31D25A7C68900826427 /* AboutViewController.swift */ = {isa = PBXFileReference; lastKnownFileType = sourcecode.swift; path = AboutViewController.swift; sourceTree = "<group>"; };
/* End PBXFileReference section */

/* Begin PBXFrameworksBuildPhase section */
		25E4D48C2195252100CFA268 /* Frameworks */ = {
			isa = PBXFrameworksBuildPhase;
			buildActionMask = 2147483647;
			files = (
				2572D6D421E95B510019AE8D /* StoreKit.framework in Frameworks */,
				25A4081021E54A76005029A1 /* Intents.framework in Frameworks */,
				258377D7219A52C100747670 /* LocalAuthentication.framework in Frameworks */,
			);
			runOnlyForDeploymentPostprocessing = 0;
		};
		25E4D4A32195252300CFA268 /* Frameworks */ = {
			isa = PBXFrameworksBuildPhase;
			buildActionMask = 2147483647;
			files = (
			);
			runOnlyForDeploymentPostprocessing = 0;
		};
/* End PBXFrameworksBuildPhase section */

/* Begin PBXGroup section */
		2576E9A621E2C622001F71F4 /* Settings */ = {
			isa = PBXGroup;
			children = (
				2576E9A421E2C5A2001F71F4 /* NotificationSettingsTableView.swift */,
				2582015721EE809400CCDC70 /* NotificationAddViewController.swift */,
				257583FE21EFC8DD008F47E2 /* NotificationAlarmTableViewCell.swift */,
				2582015921EF151D00CCDC70 /* NotificationUtils.swift */,
			);
			path = Settings;
			sourceTree = "<group>";
		};
		25A8C11021D9A29A00C23C89 /* Components */ = {
			isa = PBXGroup;
			children = (
				25A8C11121D9A2B800C23C89 /* FeelingEntryView.swift */,
				2548F1D021E5D4C00055C414 /* ThankViewController.swift */,
				2560502721D07EA500A0F046 /* UICardView.swift */,
			);
			path = Components;
			sourceTree = "<group>";
		};
		25CDBC27219E32EB008DB875 /* Extensions */ = {
			isa = PBXGroup;
			children = (
				25CDBC28219E3307008DB875 /* UIColor+Extensions.swift */,
				259B4B8521EAC48A00EF2C51 /* UIDevice+Extensions.swift */,
				2527C33821D9FBBB008B3A58 /* UILabel+Extensions.swift */,
				250E11FE2272EEC700A0A62F /* UITextView+Extensions.swift */,
				25592E2E21E16D5C00CB8752 /* UIViewController+Extensions.swift */,
			);
			path = Extensions;
			sourceTree = "<group>";
		};
		25E4D4862195252100CFA268 = {
			isa = PBXGroup;
			children = (
				25E4D4912195252100CFA268 /* snse */,
				25E4D4A92195252300CFA268 /* snseTests */,
				25E4D4902195252100CFA268 /* Products */,
				25E4D4B521954AA200CFA268 /* Frameworks */,
			);
			sourceTree = "<group>";
		};
		25E4D4902195252100CFA268 /* Products */ = {
			isa = PBXGroup;
			children = (
				25E4D48F2195252100CFA268 /* snse.app */,
				25E4D4A62195252300CFA268 /* snseTests.xctest */,
			);
			name = Products;
			sourceTree = "<group>";
		};
		25E4D4912195252100CFA268 /* snse */ = {
			isa = PBXGroup;
			children = (
				25A4080E21E54A55005029A1 /* snse.entitlements */,
				25FED67A21967FC4002DE7F0 /* Models */,
				25FED67621967F17002DE7F0 /* Views */,
				25FED67721967F1F002DE7F0 /* Controllers */,
				25FED67921967F5E002DE7F0 /* Supporting Files */,
			);
			path = snse;
			sourceTree = "<group>";
		};
		25E4D4A92195252300CFA268 /* snseTests */ = {
			isa = PBXGroup;
			children = (
				25E4D4AC2195252300CFA268 /* Info.plist */,
				250E12002275882100A0A62F /* SentimentTests.swift */,
			);
			path = snseTests;
			sourceTree = "<group>";
		};
		25E4D4B521954AA200CFA268 /* Frameworks */ = {
			isa = PBXGroup;
			children = (
				2572D6D321E95B510019AE8D /* StoreKit.framework */,
				25A4080F21E54A76005029A1 /* Intents.framework */,
				258377D6219A52C100747670 /* LocalAuthentication.framework */,
				25E4D4B621954AA200CFA268 /* WebKit.framework */,
			);
			name = Frameworks;
			sourceTree = "<group>";
		};
		25FED67621967F17002DE7F0 /* Views */ = {
			isa = PBXGroup;
			children = (
				2572D6F921E969EE0019AE8D /* LaunchScreen.storyboard */,
				25E4D4962195252100CFA268 /* Main.storyboard */,
				258377D8219A69E300747670 /* SentimentTableViewCell.xib */,
				25CDBC23219CFE0F008DB875 /* HSBColorPicker.swift */,
				251C679B21C9EFC000FED932 /* DetailCardView.xib */,
				2572D6E221E963610019AE8D /* EntryFormCardView.xib */,
				257583FC21EFC80B008F47E2 /* NotificationAlarmTableViewCell.xib */,
			);
			path = Views;
			sourceTree = "<group>";
		};
		25FED67721967F1F002DE7F0 /* Controllers */ = {
			isa = PBXGroup;
			children = (
				2576E9A621E2C622001F71F4 /* Settings */,
				25A8C11021D9A29A00C23C89 /* Components */,
				25E4D4942195252100CFA268 /* ViewController.swift */,
				2593190E2197A76D005CCC75 /* SentimentViewController.swift */,
				25CDBC25219D0129008DB875 /* ColorPickerViewController.swift */,
				25D2A84621CDB9C1008F9129 /* DetailCardViewController.swift */,
				2560502521D07DBE00A0F046 /* EntryFormCardViewController.swift */,
				255C9BE121DAE4FB00AA7008 /* DedicatedTextEntryViewController.swift */,
				FB48D31D25A7C68900826427 /* AboutViewController.swift */,
			);
			path = Controllers;
			sourceTree = "<group>";
		};
		25FED67921967F5E002DE7F0 /* Supporting Files */ = {
			isa = PBXGroup;
			children = (
				FB132E4325A7D0B20003336D /* about.html */,
				25E4D4922195252100CFA268 /* AppDelegate.swift */,
				25ED4A6022D31FE100E93BEB /* Fonts.swift */,
				2593190A21978BC5005CCC75 /* SentimentFactory.swift */,
				25CDBC27219E32EB008DB875 /* Extensions */,
				25E4D4BA21954DD300CFA268 /* index.html */,
				25E4D4A12195252300CFA268 /* Info.plist */,
				25E4D4992195252100CFA268 /* snse.xcdatamodeld */,
				25FED67421967692002DE7F0 /* Assets.xcassets */,
			);
			path = "Supporting Files";
			sourceTree = "<group>";
		};
		25FED67A21967FC4002DE7F0 /* Models */ = {
			isa = PBXGroup;
			children = (
				2593190821978195005CCC75 /* Sentiment.swift */,
			);
			path = Models;
			sourceTree = "<group>";
		};
/* End PBXGroup section */

/* Begin PBXNativeTarget section */
		25E4D48E2195252100CFA268 /* snse */ = {
			isa = PBXNativeTarget;
			buildConfigurationList = 25E4D4AF2195252300CFA268 /* Build configuration list for PBXNativeTarget "snse" */;
			buildPhases = (
				25E4D48B2195252100CFA268 /* Sources */,
				25E4D48C2195252100CFA268 /* Frameworks */,
				25E4D48D2195252100CFA268 /* Resources */,
			);
			buildRules = (
			);
			dependencies = (
			);
			name = snse;
			productName = snse;
			productReference = 25E4D48F2195252100CFA268 /* snse.app */;
			productType = "com.apple.product-type.application";
		};
		25E4D4A52195252300CFA268 /* snseTests */ = {
			isa = PBXNativeTarget;
			buildConfigurationList = 25E4D4B22195252300CFA268 /* Build configuration list for PBXNativeTarget "snseTests" */;
			buildPhases = (
				25E4D4A22195252300CFA268 /* Sources */,
				25E4D4A32195252300CFA268 /* Frameworks */,
				25E4D4A42195252300CFA268 /* Resources */,
			);
			buildRules = (
			);
			dependencies = (
				25E4D4A82195252300CFA268 /* PBXTargetDependency */,
			);
			name = snseTests;
			productName = snseTests;
			productReference = 25E4D4A62195252300CFA268 /* snseTests.xctest */;
			productType = "com.apple.product-type.bundle.unit-test";
		};
/* End PBXNativeTarget section */

/* Begin PBXProject section */
		25E4D4872195252100CFA268 /* Project object */ = {
			isa = PBXProject;
			attributes = {
				LastSwiftUpdateCheck = 1010;
				LastUpgradeCheck = 1210;
				ORGANIZATIONNAME = "Blake Barrett";
				TargetAttributes = {
					25E4D48E2195252100CFA268 = {
						CreatedOnToolsVersion = 10.1;
						LastSwiftMigration = 1100;
						SystemCapabilities = {
							com.apple.Siri = {
								enabled = 1;
							};
						};
					};
					25E4D4A52195252300CFA268 = {
						CreatedOnToolsVersion = 10.1;
						LastSwiftMigration = 1100;
						TestTargetID = 25E4D48E2195252100CFA268;
					};
				};
			};
			buildConfigurationList = 25E4D48A2195252100CFA268 /* Build configuration list for PBXProject "snse" */;
			compatibilityVersion = "Xcode 9.3";
			developmentRegion = en;
			hasScannedForEncodings = 0;
			knownRegions = (
				en,
				Base,
				fr,
				de,
				"zh-Hans",
				ja,
				es,
				ru,
				ar,
				hi,
			);
			mainGroup = 25E4D4862195252100CFA268;
			productRefGroup = 25E4D4902195252100CFA268 /* Products */;
			projectDirPath = "";
			projectRoot = "";
			targets = (
				25E4D48E2195252100CFA268 /* snse */,
				25E4D4A52195252300CFA268 /* snseTests */,
			);
		};
/* End PBXProject section */

/* Begin PBXResourcesBuildPhase section */
		25E4D48D2195252100CFA268 /* Resources */ = {
			isa = PBXResourcesBuildPhase;
			buildActionMask = 2147483647;
			files = (
				2572D6E021E963610019AE8D /* EntryFormCardView.xib in Resources */,
				251C679C21C9EFC000FED932 /* DetailCardView.xib in Resources */,
				257583FD21EFC80B008F47E2 /* NotificationAlarmTableViewCell.xib in Resources */,
				25E4D4BB21954DD300CFA268 /* index.html in Resources */,
				25FED67521967692002DE7F0 /* Assets.xcassets in Resources */,
				2572D6FA21E969EE0019AE8D /* LaunchScreen.storyboard in Resources */,
				FB132E4425A7D0B20003336D /* about.html in Resources */,
				25E4D4982195252100CFA268 /* Main.storyboard in Resources */,
				258377D9219A69E300747670 /* SentimentTableViewCell.xib in Resources */,
			);
			runOnlyForDeploymentPostprocessing = 0;
		};
		25E4D4A42195252300CFA268 /* Resources */ = {
			isa = PBXResourcesBuildPhase;
			buildActionMask = 2147483647;
			files = (
			);
			runOnlyForDeploymentPostprocessing = 0;
		};
/* End PBXResourcesBuildPhase section */

/* Begin PBXSourcesBuildPhase section */
		25E4D48B2195252100CFA268 /* Sources */ = {
			isa = PBXSourcesBuildPhase;
			buildActionMask = 2147483647;
			files = (
				2560502821D07EA500A0F046 /* UICardView.swift in Sources */,
				25CDBC26219D0129008DB875 /* ColorPickerViewController.swift in Sources */,
				2560502621D07DBE00A0F046 /* EntryFormCardViewController.swift in Sources */,
				255C9BE221DAE4FB00AA7008 /* DedicatedTextEntryViewController.swift in Sources */,
				25592E2F21E16D5C00CB8752 /* UIViewController+Extensions.swift in Sources */,
				2593190B21978BC5005CCC75 /* SentimentFactory.swift in Sources */,
				25A8C11221D9A2B800C23C89 /* FeelingEntryView.swift in Sources */,
				25CDBC24219CFE0F008DB875 /* HSBColorPicker.swift in Sources */,
				259B4B8621EAC48A00EF2C51 /* UIDevice+Extensions.swift in Sources */,
				2593190921978195005CCC75 /* Sentiment.swift in Sources */,
				25D2A84721CDB9C1008F9129 /* DetailCardViewController.swift in Sources */,
				2582015A21EF151D00CCDC70 /* NotificationUtils.swift in Sources */,
				25E4D49B2195252100CFA268 /* snse.xcdatamodeld in Sources */,
				250E11FF2272EEC700A0A62F /* UITextView+Extensions.swift in Sources */,
				2576E9A521E2C5A2001F71F4 /* NotificationSettingsTableView.swift in Sources */,
				257583FF21EFC8DD008F47E2 /* NotificationAlarmTableViewCell.swift in Sources */,
				25ED4A6122D31FE100E93BEB /* Fonts.swift in Sources */,
				2582015821EE809400CCDC70 /* NotificationAddViewController.swift in Sources */,
				FB48D31E25A7C68900826427 /* AboutViewController.swift in Sources */,
				25E4D4952195252100CFA268 /* ViewController.swift in Sources */,
				2548F1D121E5D4C00055C414 /* ThankViewController.swift in Sources */,
				2527C33921D9FBBB008B3A58 /* UILabel+Extensions.swift in Sources */,
				25CDBC29219E3307008DB875 /* UIColor+Extensions.swift in Sources */,
				25E4D4932195252100CFA268 /* AppDelegate.swift in Sources */,
				2593190F2197A76D005CCC75 /* SentimentViewController.swift in Sources */,
			);
			runOnlyForDeploymentPostprocessing = 0;
		};
		25E4D4A22195252300CFA268 /* Sources */ = {
			isa = PBXSourcesBuildPhase;
			buildActionMask = 2147483647;
			files = (
				250E12012275882100A0A62F /* SentimentTests.swift in Sources */,
				250E12022275882A00A0A62F /* Sentiment.swift in Sources */,
				250E120322758CF500A0A62F /* UIColor+Extensions.swift in Sources */,
			);
			runOnlyForDeploymentPostprocessing = 0;
		};
/* End PBXSourcesBuildPhase section */

/* Begin PBXTargetDependency section */
		25E4D4A82195252300CFA268 /* PBXTargetDependency */ = {
			isa = PBXTargetDependency;
			target = 25E4D48E2195252100CFA268 /* snse */;
			targetProxy = 25E4D4A72195252300CFA268 /* PBXContainerItemProxy */;
		};
/* End PBXTargetDependency section */

/* Begin PBXVariantGroup section */
		2572D6E221E963610019AE8D /* EntryFormCardView.xib */ = {
			isa = PBXVariantGroup;
			children = (
				2572D6E121E963610019AE8D /* Base */,
				2572D6E621E965280019AE8D /* en */,
				2572D6E821E9652E0019AE8D /* fr */,
				2572D6EA21E965310019AE8D /* de */,
				2572D6EC21E965360019AE8D /* zh-Hans */,
				2572D6EE21E9653A0019AE8D /* ja */,
				2572D6F021E9653E0019AE8D /* es */,
				2572D6F221E965450019AE8D /* ru */,
				2572D6F421E9654C0019AE8D /* ar */,
				2572D6F621E965560019AE8D /* hi */,
			);
			name = EntryFormCardView.xib;
			sourceTree = "<group>";
		};
		25E4D4962195252100CFA268 /* Main.storyboard */ = {
			isa = PBXVariantGroup;
			children = (
				25E4D4972195252100CFA268 /* Base */,
				2572D6E521E965280019AE8D /* en */,
				2572D6E721E9652E0019AE8D /* fr */,
				2572D6E921E965310019AE8D /* de */,
				2572D6EB21E965360019AE8D /* zh-Hans */,
				2572D6ED21E9653A0019AE8D /* ja */,
				2572D6EF21E9653E0019AE8D /* es */,
				2572D6F121E965450019AE8D /* ru */,
				2572D6F321E9654C0019AE8D /* ar */,
				2572D6F521E965550019AE8D /* hi */,
			);
			name = Main.storyboard;
			sourceTree = "<group>";
		};
/* End PBXVariantGroup section */

/* Begin XCBuildConfiguration section */
		25E4D4AD2195252300CFA268 /* Debug */ = {
			isa = XCBuildConfiguration;
			buildSettings = {
				ALWAYS_SEARCH_USER_PATHS = NO;
				CLANG_ANALYZER_LOCALIZABILITY_NONLOCALIZED = YES;
				CLANG_ANALYZER_NONNULL = YES;
				CLANG_ANALYZER_NUMBER_OBJECT_CONVERSION = YES_AGGRESSIVE;
				CLANG_CXX_LANGUAGE_STANDARD = "gnu++14";
				CLANG_CXX_LIBRARY = "libc++";
				CLANG_ENABLE_MODULES = YES;
				CLANG_ENABLE_OBJC_ARC = YES;
				CLANG_ENABLE_OBJC_WEAK = YES;
				CLANG_WARN_BLOCK_CAPTURE_AUTORELEASING = YES;
				CLANG_WARN_BOOL_CONVERSION = YES;
				CLANG_WARN_COMMA = YES;
				CLANG_WARN_CONSTANT_CONVERSION = YES;
				CLANG_WARN_DEPRECATED_OBJC_IMPLEMENTATIONS = YES;
				CLANG_WARN_DIRECT_OBJC_ISA_USAGE = YES_ERROR;
				CLANG_WARN_DOCUMENTATION_COMMENTS = YES;
				CLANG_WARN_EMPTY_BODY = YES;
				CLANG_WARN_ENUM_CONVERSION = YES;
				CLANG_WARN_INFINITE_RECURSION = YES;
				CLANG_WARN_INT_CONVERSION = YES;
				CLANG_WARN_NON_LITERAL_NULL_CONVERSION = YES;
				CLANG_WARN_OBJC_IMPLICIT_RETAIN_SELF = YES;
				CLANG_WARN_OBJC_LITERAL_CONVERSION = YES;
				CLANG_WARN_OBJC_ROOT_CLASS = YES_ERROR;
				CLANG_WARN_QUOTED_INCLUDE_IN_FRAMEWORK_HEADER = YES;
				CLANG_WARN_RANGE_LOOP_ANALYSIS = YES;
				CLANG_WARN_STRICT_PROTOTYPES = YES;
				CLANG_WARN_SUSPICIOUS_MOVE = YES;
				CLANG_WARN_UNGUARDED_AVAILABILITY = YES_AGGRESSIVE;
				CLANG_WARN_UNREACHABLE_CODE = YES;
				CLANG_WARN__DUPLICATE_METHOD_MATCH = YES;
				CODE_SIGN_IDENTITY = "iPhone Developer";
				COPY_PHASE_STRIP = NO;
				DEBUG_INFORMATION_FORMAT = dwarf;
				ENABLE_STRICT_OBJC_MSGSEND = YES;
				ENABLE_TESTABILITY = YES;
				GCC_C_LANGUAGE_STANDARD = gnu11;
				GCC_DYNAMIC_NO_PIC = NO;
				GCC_NO_COMMON_BLOCKS = YES;
				GCC_OPTIMIZATION_LEVEL = 0;
				GCC_PREPROCESSOR_DEFINITIONS = (
					"DEBUG=1",
					"$(inherited)",
				);
				GCC_WARN_64_TO_32_BIT_CONVERSION = YES;
				GCC_WARN_ABOUT_RETURN_TYPE = YES_ERROR;
				GCC_WARN_UNDECLARED_SELECTOR = YES;
				GCC_WARN_UNINITIALIZED_AUTOS = YES_AGGRESSIVE;
				GCC_WARN_UNUSED_FUNCTION = YES;
				GCC_WARN_UNUSED_VARIABLE = YES;
				IPHONEOS_DEPLOYMENT_TARGET = 12.1;
				MTL_ENABLE_DEBUG_INFO = INCLUDE_SOURCE;
				MTL_FAST_MATH = YES;
				ONLY_ACTIVE_ARCH = YES;
				SDKROOT = iphoneos;
				SWIFT_ACTIVE_COMPILATION_CONDITIONS = DEBUG;
				SWIFT_OPTIMIZATION_LEVEL = "-Onone";
			};
			name = Debug;
		};
		25E4D4AE2195252300CFA268 /* Release */ = {
			isa = XCBuildConfiguration;
			buildSettings = {
				ALWAYS_SEARCH_USER_PATHS = NO;
				CLANG_ANALYZER_LOCALIZABILITY_NONLOCALIZED = YES;
				CLANG_ANALYZER_NONNULL = YES;
				CLANG_ANALYZER_NUMBER_OBJECT_CONVERSION = YES_AGGRESSIVE;
				CLANG_CXX_LANGUAGE_STANDARD = "gnu++14";
				CLANG_CXX_LIBRARY = "libc++";
				CLANG_ENABLE_MODULES = YES;
				CLANG_ENABLE_OBJC_ARC = YES;
				CLANG_ENABLE_OBJC_WEAK = YES;
				CLANG_WARN_BLOCK_CAPTURE_AUTORELEASING = YES;
				CLANG_WARN_BOOL_CONVERSION = YES;
				CLANG_WARN_COMMA = YES;
				CLANG_WARN_CONSTANT_CONVERSION = YES;
				CLANG_WARN_DEPRECATED_OBJC_IMPLEMENTATIONS = YES;
				CLANG_WARN_DIRECT_OBJC_ISA_USAGE = YES_ERROR;
				CLANG_WARN_DOCUMENTATION_COMMENTS = YES;
				CLANG_WARN_EMPTY_BODY = YES;
				CLANG_WARN_ENUM_CONVERSION = YES;
				CLANG_WARN_INFINITE_RECURSION = YES;
				CLANG_WARN_INT_CONVERSION = YES;
				CLANG_WARN_NON_LITERAL_NULL_CONVERSION = YES;
				CLANG_WARN_OBJC_IMPLICIT_RETAIN_SELF = YES;
				CLANG_WARN_OBJC_LITERAL_CONVERSION = YES;
				CLANG_WARN_OBJC_ROOT_CLASS = YES_ERROR;
				CLANG_WARN_QUOTED_INCLUDE_IN_FRAMEWORK_HEADER = YES;
				CLANG_WARN_RANGE_LOOP_ANALYSIS = YES;
				CLANG_WARN_STRICT_PROTOTYPES = YES;
				CLANG_WARN_SUSPICIOUS_MOVE = YES;
				CLANG_WARN_UNGUARDED_AVAILABILITY = YES_AGGRESSIVE;
				CLANG_WARN_UNREACHABLE_CODE = YES;
				CLANG_WARN__DUPLICATE_METHOD_MATCH = YES;
				CODE_SIGN_IDENTITY = "iPhone Developer";
				COPY_PHASE_STRIP = NO;
				DEBUG_INFORMATION_FORMAT = "dwarf-with-dsym";
				ENABLE_NS_ASSERTIONS = NO;
				ENABLE_STRICT_OBJC_MSGSEND = YES;
				GCC_C_LANGUAGE_STANDARD = gnu11;
				GCC_NO_COMMON_BLOCKS = YES;
				GCC_WARN_64_TO_32_BIT_CONVERSION = YES;
				GCC_WARN_ABOUT_RETURN_TYPE = YES_ERROR;
				GCC_WARN_UNDECLARED_SELECTOR = YES;
				GCC_WARN_UNINITIALIZED_AUTOS = YES_AGGRESSIVE;
				GCC_WARN_UNUSED_FUNCTION = YES;
				GCC_WARN_UNUSED_VARIABLE = YES;
				IPHONEOS_DEPLOYMENT_TARGET = 12.1;
				MTL_ENABLE_DEBUG_INFO = NO;
				MTL_FAST_MATH = YES;
				SDKROOT = iphoneos;
				SWIFT_COMPILATION_MODE = wholemodule;
				SWIFT_OPTIMIZATION_LEVEL = "-O";
				VALIDATE_PRODUCT = YES;
			};
			name = Release;
		};
		25E4D4B02195252300CFA268 /* Debug */ = {
			isa = XCBuildConfiguration;
			buildSettings = {
				ASSETCATALOG_COMPILER_APPICON_NAME = AppIcon;
				CODE_SIGN_ENTITLEMENTS = snse/snse.entitlements;
				CODE_SIGN_STYLE = Automatic;
				CURRENT_PROJECT_VERSION = 7;
				DEVELOPMENT_TEAM = JJNWD2J7X4;
				"ENABLE_HARDENED_RUNTIME[sdk=macosx*]" = YES;
				INFOPLIST_FILE = "$(SRCROOT)/snse/Supporting Files/Info.plist";
				IPHONEOS_DEPLOYMENT_TARGET = 12.0;
				LD_RUNPATH_SEARCH_PATHS = (
					"$(inherited)",
					"@executable_path/Frameworks",
				);
				PRODUCT_BUNDLE_IDENTIFIER = com.blakebarrett.snse;
				PRODUCT_NAME = "$(TARGET_NAME)";
				SUPPORTS_MACCATALYST = YES;
				SUPPORTS_MAC_DESIGNED_FOR_IPHONE_IPAD = YES;
				SWIFT_VERSION = 5.0;
				TARGETED_DEVICE_FAMILY = "1,2";
			};
			name = Debug;
		};
		25E4D4B12195252300CFA268 /* Release */ = {
			isa = XCBuildConfiguration;
			buildSettings = {
				ASSETCATALOG_COMPILER_APPICON_NAME = AppIcon;
				CODE_SIGN_ENTITLEMENTS = snse/snse.entitlements;
				CODE_SIGN_STYLE = Automatic;
				CURRENT_PROJECT_VERSION = 7;
				DEVELOPMENT_TEAM = JJNWD2J7X4;
				"ENABLE_HARDENED_RUNTIME[sdk=macosx*]" = YES;
				INFOPLIST_FILE = "$(SRCROOT)/snse/Supporting Files/Info.plist";
				IPHONEOS_DEPLOYMENT_TARGET = 12.0;
				LD_RUNPATH_SEARCH_PATHS = (
					"$(inherited)",
					"@executable_path/Frameworks",
				);
				PRODUCT_BUNDLE_IDENTIFIER = com.blakebarrett.snse;
				PRODUCT_NAME = "$(TARGET_NAME)";
				SUPPORTS_MACCATALYST = YES;
				SUPPORTS_MAC_DESIGNED_FOR_IPHONE_IPAD = YES;
				SWIFT_VERSION = 5.0;
				TARGETED_DEVICE_FAMILY = "1,2";
			};
			name = Release;
		};
		25E4D4B32195252300CFA268 /* Debug */ = {
			isa = XCBuildConfiguration;
			buildSettings = {
				ALWAYS_EMBED_SWIFT_STANDARD_LIBRARIES = YES;
				BUNDLE_LOADER = "$(TEST_HOST)";
				CODE_SIGN_STYLE = Automatic;
				DEVELOPMENT_TEAM = JJNWD2J7X4;
				INFOPLIST_FILE = snseTests/Info.plist;
				LD_RUNPATH_SEARCH_PATHS = (
					"$(inherited)",
					"@executable_path/Frameworks",
					"@loader_path/Frameworks",
				);
				PRODUCT_BUNDLE_IDENTIFIER = com.blakebarrett.snseTests;
				PRODUCT_NAME = "$(TARGET_NAME)";
				SWIFT_VERSION = 5.0;
				TARGETED_DEVICE_FAMILY = "1,2";
				TEST_HOST = "$(BUILT_PRODUCTS_DIR)/snse.app/snse";
			};
			name = Debug;
		};
		25E4D4B42195252300CFA268 /* Release */ = {
			isa = XCBuildConfiguration;
			buildSettings = {
				ALWAYS_EMBED_SWIFT_STANDARD_LIBRARIES = YES;
				BUNDLE_LOADER = "$(TEST_HOST)";
				CODE_SIGN_STYLE = Automatic;
				DEVELOPMENT_TEAM = JJNWD2J7X4;
				INFOPLIST_FILE = snseTests/Info.plist;
				LD_RUNPATH_SEARCH_PATHS = (
					"$(inherited)",
					"@executable_path/Frameworks",
					"@loader_path/Frameworks",
				);
				PRODUCT_BUNDLE_IDENTIFIER = com.blakebarrett.snseTests;
				PRODUCT_NAME = "$(TARGET_NAME)";
				SWIFT_VERSION = 5.0;
				TARGETED_DEVICE_FAMILY = "1,2";
				TEST_HOST = "$(BUILT_PRODUCTS_DIR)/snse.app/snse";
			};
			name = Release;
		};
/* End XCBuildConfiguration section */

/* Begin XCConfigurationList section */
		25E4D48A2195252100CFA268 /* Build configuration list for PBXProject "snse" */ = {
			isa = XCConfigurationList;
			buildConfigurations = (
				25E4D4AD2195252300CFA268 /* Debug */,
				25E4D4AE2195252300CFA268 /* Release */,
			);
			defaultConfigurationIsVisible = 0;
			defaultConfigurationName = Release;
		};
		25E4D4AF2195252300CFA268 /* Build configuration list for PBXNativeTarget "snse" */ = {
			isa = XCConfigurationList;
			buildConfigurations = (
				25E4D4B02195252300CFA268 /* Debug */,
				25E4D4B12195252300CFA268 /* Release */,
			);
			defaultConfigurationIsVisible = 0;
			defaultConfigurationName = Release;
		};
		25E4D4B22195252300CFA268 /* Build configuration list for PBXNativeTarget "snseTests" */ = {
			isa = XCConfigurationList;
			buildConfigurations = (
				25E4D4B32195252300CFA268 /* Debug */,
				25E4D4B42195252300CFA268 /* Release */,
			);
			defaultConfigurationIsVisible = 0;
			defaultConfigurationName = Release;
		};
/* End XCConfigurationList section */

/* Begin XCVersionGroup section */
		25E4D4992195252100CFA268 /* snse.xcdatamodeld */ = {
			isa = XCVersionGroup;
			children = (
				25E4D49A2195252100CFA268 /* snse.xcdatamodel */,
			);
			currentVersion = 25E4D49A2195252100CFA268 /* snse.xcdatamodel */;
			path = snse.xcdatamodeld;
			sourceTree = "<group>";
			versionGroupType = wrapper.xcdatamodel;
		};
/* End XCVersionGroup section */
	};
	rootObject = 25E4D4872195252100CFA268 /* Project object */;
}
